
Microsoft Visual Studio Solution File, Format Version 12.00
# Visual Studio Version 17
VisualStudioVersion = 17.5.33502.453
MinimumVisualStudioVersion = 10.0.40219.1
Project("{FAE04EC0-301F-11D3-BF4B-00C04F79EFBC}") = "FornecedoresAPI", "FornecedoresAPI\FornecedoresAPI.csproj", "{FCDA0B71-0224-495E-84F9-8CF03D9B263A}"
EndProject
Global
	GlobalSection(SolutionConfigurationPlatforms) = preSolution
		Debug|Any CPU = Debug|Any CPU
		Release|Any CPU = Release|Any CPU
	EndGlobalSection
	GlobalSection(ProjectConfigurationPlatforms) = postSolution
		{FCDA0B71-0224-495E-84F9-8CF03D9B263A}.Debug|Any CPU.ActiveCfg = Debug|Any CPU
		{FCDA0B71-0224-495E-84F9-8CF03D9B263A}.Debug|Any CPU.Build.0 = Debug|Any CPU
		{FCDA0B71-0224-495E-84F9-8CF03D9B263A}.Release|Any CPU.ActiveCfg = Release|Any CPU
		{FCDA0B71-0224-495E-84F9-8CF03D9B263A}.Release|Any CPU.Build.0 = Release|Any CPU
	EndGlobalSection
	GlobalSection(SolutionProperties) = preSolution
		HideSolutionNode = FALSE
	EndGlobalSection
	GlobalSection(ExtensibilityGlobals) = postSolution
		SolutionGuid = {4D8886F6-5E20-4FA1-B892-F13217DFAAF1}
	EndGlobalSection
EndGlobal
